
Microsoft Visual Studio Solution File, Format Version 12.00
# Visual Studio 15
VisualStudioVersion = 15.0.28307.705
MinimumVisualStudioVersion = 10.0.40219.1
Project("{FAE04EC0-301F-11D3-BF4B-00C04F79EFBC}") = "PoolPgiaGame", "PoolPgiaGame\PoolPgiaGame.csproj", "{B28CC009-F037-4F1A-A264-599BB9F98011}"
EndProject
Project("{2150E333-8FDC-42A3-9474-1A3956D46DE8}") = "Solution Items", "Solution Items", "{0B8163F3-9DD0-43C0-AACB-124CA5762FC2}"
EndProject
Global
	GlobalSection(SolutionConfigurationPlatforms) = preSolution
		Debug|Any CPU = Debug|Any CPU
		Release|Any CPU = Release|Any CPU
	EndGlobalSection
	GlobalSection(ProjectConfigurationPlatforms) = postSolution
		{B28CC009-F037-4F1A-A264-599BB9F98011}.Debug|Any CPU.ActiveCfg = Debug|Any CPU
		{B28CC009-F037-4F1A-A264-599BB9F98011}.Debug|Any CPU.Build.0 = Debug|Any CPU
		{B28CC009-F037-4F1A-A264-599BB9F98011}.Release|Any CPU.ActiveCfg = Release|Any CPU
		{B28CC009-F037-4F1A-A264-599BB9F98011}.Release|Any CPU.Build.0 = Release|Any CPU
	EndGlobalSection
	GlobalSection(SolutionProperties) = preSolution
		HideSolutionNode = FALSE
	EndGlobalSection
	GlobalSection(ExtensibilityGlobals) = postSolution
		SolutionGuid = {DB5ABD4F-2038-42EC-A901-56DC0FCB7320}
	EndGlobalSection
EndGlobal
